// !$*UTF8*$!
{
	archiveVersion = 1;
	classes = {
	};
	objectVersion = 56;
	objects = {

/* Begin PBXBuildFile section */
		46A44C962917E297003E751D /* AppDelegate.swift in Sources */ = {isa = PBXBuildFile; fileRef = 46A44C952917E297003E751D /* AppDelegate.swift */; };
		46A44C982917E297003E751D /* SceneDelegate.swift in Sources */ = {isa = PBXBuildFile; fileRef = 46A44C972917E297003E751D /* SceneDelegate.swift */; };
		46A44C9A2917E297003E751D /* DemoViewController.swift in Sources */ = {isa = PBXBuildFile; fileRef = 46A44C992917E297003E751D /* DemoViewController.swift */; };
		46A44C9D2917E297003E751D /* Main.storyboard in Resources */ = {isa = PBXBuildFile; fileRef = 46A44C9B2917E297003E751D /* Main.storyboard */; };
		46A44C9F2917E299003E751D /* Assets.xcassets in Resources */ = {isa = PBXBuildFile; fileRef = 46A44C9E2917E299003E751D /* Assets.xcassets */; };
		46A44CA22917E299003E751D /* LaunchScreen.storyboard in Resources */ = {isa = PBXBuildFile; fileRef = 46A44CA02917E299003E751D /* LaunchScreen.storyboard */; };
		46A44CAC2917E2EE003E751D /* BaseResponse.swift in Sources */ = {isa = PBXBuildFile; fileRef = 46A44CAB2917E2EE003E751D /* BaseResponse.swift */; };
		46A44CAE2917E306003E751D /* ApiService.swift in Sources */ = {isa = PBXBuildFile; fileRef = 46A44CAD2917E306003E751D /* ApiService.swift */; };
		46A44CB02917E448003E751D /* Route.swift in Sources */ = {isa = PBXBuildFile; fileRef = 46A44CAF2917E448003E751D /* Route.swift */; };
		46A44CB32917E484003E751D /* Alamofire in Frameworks */ = {isa = PBXBuildFile; productRef = 46A44CB22917E484003E751D /* Alamofire */; };
		46A44CB52917E851003E751D /* BaseConstants.swift in Sources */ = {isa = PBXBuildFile; fileRef = 46A44CB42917E851003E751D /* BaseConstants.swift */; };
		46A44CB72917E9C2003E751D /* Resource.swift in Sources */ = {isa = PBXBuildFile; fileRef = 46A44CB62917E9C2003E751D /* Resource.swift */; };
		46A44CBA291813B7003E751D /* DemoViewModel.swift in Sources */ = {isa = PBXBuildFile; fileRef = 46A44CB9291813B7003E751D /* DemoViewModel.swift */; };
		46A44CBD29181543003E751D /* DemoModel.swift in Sources */ = {isa = PBXBuildFile; fileRef = 46A44CBC29181543003E751D /* DemoModel.swift */; };
/* End PBXBuildFile section */

/* Begin PBXFileReference section */
		46A44C922917E297003E751D /* NetworkLayerBoilerplatecode.app */ = {isa = PBXFileReference; explicitFileType = wrapper.application; includeInIndex = 0; path = NetworkLayerBoilerplatecode.app; sourceTree = BUILT_PRODUCTS_DIR; };
		46A44C952917E297003E751D /* AppDelegate.swift */ = {isa = PBXFileReference; lastKnownFileType = sourcecode.swift; path = AppDelegate.swift; sourceTree = "<group>"; };
		46A44C972917E297003E751D /* SceneDelegate.swift */ = {isa = PBXFileReference; lastKnownFileType = sourcecode.swift; path = SceneDelegate.swift; sourceTree = "<group>"; };
		46A44C992917E297003E751D /* DemoViewController.swift */ = {isa = PBXFileReference; lastKnownFileType = sourcecode.swift; path = DemoViewController.swift; sourceTree = "<group>"; };
		46A44C9C2917E297003E751D /* Base */ = {isa = PBXFileReference; lastKnownFileType = file.storyboard; name = Base; path = Base.lproj/Main.storyboard; sourceTree = "<group>"; };
		46A44C9E2917E299003E751D /* Assets.xcassets */ = {isa = PBXFileReference; lastKnownFileType = folder.assetcatalog; path = Assets.xcassets; sourceTree = "<group>"; };
		46A44CA12917E299003E751D /* Base */ = {isa = PBXFileReference; lastKnownFileType = file.storyboard; name = Base; path = Base.lproj/LaunchScreen.storyboard; sourceTree = "<group>"; };
		46A44CA32917E299003E751D /* Info.plist */ = {isa = PBXFileReference; lastKnownFileType = text.plist.xml; path = Info.plist; sourceTree = "<group>"; };
		46A44CAB2917E2EE003E751D /* BaseResponse.swift */ = {isa = PBXFileReference; lastKnownFileType = sourcecode.swift; path = BaseResponse.swift; sourceTree = "<group>"; };
		46A44CAD2917E306003E751D /* ApiService.swift */ = {isa = PBXFileReference; lastKnownFileType = sourcecode.swift; path = ApiService.swift; sourceTree = "<group>"; };
		46A44CAF2917E448003E751D /* Route.swift */ = {isa = PBXFileReference; lastKnownFileType = sourcecode.swift; path = Route.swift; sourceTree = "<group>"; };
		46A44CB42917E851003E751D /* BaseConstants.swift */ = {isa = PBXFileReference; lastKnownFileType = sourcecode.swift; path = BaseConstants.swift; sourceTree = "<group>"; };
		46A44CB62917E9C2003E751D /* Resource.swift */ = {isa = PBXFileReference; lastKnownFileType = sourcecode.swift; path = Resource.swift; sourceTree = "<group>"; };
		46A44CB9291813B7003E751D /* DemoViewModel.swift */ = {isa = PBXFileReference; lastKnownFileType = sourcecode.swift; path = DemoViewModel.swift; sourceTree = "<group>"; };
		46A44CBC29181543003E751D /* DemoModel.swift */ = {isa = PBXFileReference; lastKnownFileType = sourcecode.swift; path = DemoModel.swift; sourceTree = "<group>"; };
/* End PBXFileReference section */

/* Begin PBXFrameworksBuildPhase section */
		46A44C8F2917E297003E751D /* Frameworks */ = {
			isa = PBXFrameworksBuildPhase;
			buildActionMask = 2147483647;
			files = (
				46A44CB32917E484003E751D /* Alamofire in Frameworks */,
			);
			runOnlyForDeploymentPostprocessing = 0;
		};
/* End PBXFrameworksBuildPhase section */

/* Begin PBXGroup section */
		46A44C892917E297003E751D = {
			isa = PBXGroup;
			children = (
				46A44C942917E297003E751D /* NetworkLayerBoilerplatecode */,
				46A44C932917E297003E751D /* Products */,
			);
			sourceTree = "<group>";
		};
		46A44C932917E297003E751D /* Products */ = {
			isa = PBXGroup;
			children = (
				46A44C922917E297003E751D /* NetworkLayerBoilerplatecode.app */,
			);
			name = Products;
			sourceTree = "<group>";
		};
		46A44C942917E297003E751D /* NetworkLayerBoilerplatecode */ = {
			isa = PBXGroup;
			children = (
				46A44CBB2918152D003E751D /* Model */,
				46A44CB829181394003E751D /* ViewModel */,
				46A44CA92917E2B6003E751D /* Services */,
				46A44C952917E297003E751D /* AppDelegate.swift */,
				46A44C972917E297003E751D /* SceneDelegate.swift */,
				46A44C992917E297003E751D /* DemoViewController.swift */,
				46A44C9B2917E297003E751D /* Main.storyboard */,
				46A44C9E2917E299003E751D /* Assets.xcassets */,
				46A44CA02917E299003E751D /* LaunchScreen.storyboard */,
				46A44CA32917E299003E751D /* Info.plist */,
			);
			path = NetworkLayerBoilerplatecode;
			sourceTree = "<group>";
		};
		46A44CA92917E2B6003E751D /* Services */ = {
			isa = PBXGroup;
			children = (
				46A44CAA2917E2CC003E751D /* NetworkLayer */,
			);
			path = Services;
			sourceTree = "<group>";
		};
		46A44CAA2917E2CC003E751D /* NetworkLayer */ = {
			isa = PBXGroup;
			children = (
				46A44CB42917E851003E751D /* BaseConstants.swift */,
				46A44CAB2917E2EE003E751D /* BaseResponse.swift */,
				46A44CAF2917E448003E751D /* Route.swift */,
				46A44CB62917E9C2003E751D /* Resource.swift */,
				46A44CAD2917E306003E751D /* ApiService.swift */,
			);
			path = NetworkLayer;
			sourceTree = "<group>";
		};
		46A44CB829181394003E751D /* ViewModel */ = {
			isa = PBXGroup;
			children = (
				46A44CB9291813B7003E751D /* DemoViewModel.swift */,
			);
			path = ViewModel;
			sourceTree = "<group>";
		};
		46A44CBB2918152D003E751D /* Model */ = {
			isa = PBXGroup;
			children = (
				46A44CBC29181543003E751D /* DemoModel.swift */,
			);
			path = Model;
			sourceTree = "<group>";
		};
/* End PBXGroup section */

/* Begin PBXNativeTarget section */
		46A44C912917E297003E751D /* NetworkLayerBoilerplatecode */ = {
			isa = PBXNativeTarget;
			buildConfigurationList = 46A44CA62917E299003E751D /* Build configuration list for PBXNativeTarget "NetworkLayerBoilerplatecode" */;
			buildPhases = (
				46A44C8E2917E297003E751D /* Sources */,
				46A44C8F2917E297003E751D /* Frameworks */,
				46A44C902917E297003E751D /* Resources */,
			);
			buildRules = (
			);
			dependencies = (
			);
			name = NetworkLayerBoilerplatecode;
			packageProductDependencies = (
				46A44CB22917E484003E751D /* Alamofire */,
			);
			productName = NetworkLayerBoilerplatecode;
			productReference = 46A44C922917E297003E751D /* NetworkLayerBoilerplatecode.app */;
			productType = "com.apple.product-type.application";
		};
/* End PBXNativeTarget section */

/* Begin PBXProject section */
		46A44C8A2917E297003E751D /* Project object */ = {
			isa = PBXProject;
			attributes = {
				BuildIndependentTargetsInParallel = 1;
				LastSwiftUpdateCheck = 1400;
				LastUpgradeCheck = 1400;
				ORGANIZATIONNAME = Farhan;
				TargetAttributes = {
					46A44C912917E297003E751D = {
						CreatedOnToolsVersion = 14.0.1;
					};
				};
			};
			buildConfigurationList = 46A44C8D2917E297003E751D /* Build configuration list for PBXProject "NetworkLayerBoilerplatecode" */;
			compatibilityVersion = "Xcode 14.0";
			developmentRegion = en;
			hasScannedForEncodings = 0;
			knownRegions = (
				en,
				Base,
			);
			mainGroup = 46A44C892917E297003E751D;
			packageReferences = (
				46A44CB12917E484003E751D /* XCRemoteSwiftPackageReference "Alamofire" */,
			);
			productRefGroup = 46A44C932917E297003E751D /* Products */;
			projectDirPath = "";
			projectRoot = "";
			targets = (
				46A44C912917E297003E751D /* NetworkLayerBoilerplatecode */,
			);
		};
/* End PBXProject section */

/* Begin PBXResourcesBuildPhase section */
		46A44C902917E297003E751D /* Resources */ = {
			isa = PBXResourcesBuildPhase;
			buildActionMask = 2147483647;
			files = (
				46A44CA22917E299003E751D /* LaunchScreen.storyboard in Resources */,
				46A44C9F2917E299003E751D /* Assets.xcassets in Resources */,
				46A44C9D2917E297003E751D /* Main.storyboard in Resources */,
			);
			runOnlyForDeploymentPostprocessing = 0;
		};
/* End PBXResourcesBuildPhase section */

/* Begin PBXSourcesBuildPhase section */
		46A44C8E2917E297003E751D /* Sources */ = {
			isa = PBXSourcesBuildPhase;
			buildActionMask = 2147483647;
			files = (
				46A44C9A2917E297003E751D /* DemoViewController.swift in Sources */,
				46A44CBA291813B7003E751D /* DemoViewModel.swift in Sources */,
				46A44CB72917E9C2003E751D /* Resource.swift in Sources */,
				46A44CAE2917E306003E751D /* ApiService.swift in Sources */,
				46A44CBD29181543003E751D /* DemoModel.swift in Sources */,
				46A44C962917E297003E751D /* AppDelegate.swift in Sources */,
				46A44CB02917E448003E751D /* Route.swift in Sources */,
				46A44C982917E297003E751D /* SceneDelegate.swift in Sources */,
				46A44CB52917E851003E751D /* BaseConstants.swift in Sources */,
				46A44CAC2917E2EE003E751D /* BaseResponse.swift in Sources */,
			);
			runOnlyForDeploymentPostprocessing = 0;
		};
/* End PBXSourcesBuildPhase section */

/* Begin PBXVariantGroup section */
		46A44C9B2917E297003E751D /* Main.storyboard */ = {
			isa = PBXVariantGroup;
			children = (
				46A44C9C2917E297003E751D /* Base */,
			);
			name = Main.storyboard;
			sourceTree = "<group>";
		};
		46A44CA02917E299003E751D /* LaunchScreen.storyboard */ = {
			isa = PBXVariantGroup;
			children = (
				46A44CA12917E299003E751D /* Base */,
			);
			name = LaunchScreen.storyboard;
			sourceTree = "<group>";
		};
/* End PBXVariantGroup section */

/* Begin XCBuildConfiguration section */
		46A44CA42917E299003E751D /* Debug */ = {
			isa = XCBuildConfiguration;
			buildSettings = {
				ALWAYS_SEARCH_USER_PATHS = NO;
				CLANG_ANALYZER_NONNULL = YES;
				CLANG_ANALYZER_NUMBER_OBJECT_CONVERSION = YES_AGGRESSIVE;
				CLANG_CXX_LANGUAGE_STANDARD = "gnu++20";
				CLANG_ENABLE_MODULES = YES;
				CLANG_ENABLE_OBJC_ARC = YES;
				CLANG_ENABLE_OBJC_WEAK = YES;
				CLANG_WARN_BLOCK_CAPTURE_AUTORELEASING = YES;
				CLANG_WARN_BOOL_CONVERSION = YES;
				CLANG_WARN_COMMA = YES;
				CLANG_WARN_CONSTANT_CONVERSION = YES;
				CLANG_WARN_DEPRECATED_OBJC_IMPLEMENTATIONS = YES;
				CLANG_WARN_DIRECT_OBJC_ISA_USAGE = YES_ERROR;
				CLANG_WARN_DOCUMENTATION_COMMENTS = YES;
				CLANG_WARN_EMPTY_BODY = YES;
				CLANG_WARN_ENUM_CONVERSION = YES;
				CLANG_WARN_INFINITE_RECURSION = YES;
				CLANG_WARN_INT_CONVERSION = YES;
				CLANG_WARN_NON_LITERAL_NULL_CONVERSION = YES;
				CLANG_WARN_OBJC_IMPLICIT_RETAIN_SELF = YES;
				CLANG_WARN_OBJC_LITERAL_CONVERSION = YES;
				CLANG_WARN_OBJC_ROOT_CLASS = YES_ERROR;
				CLANG_WARN_QUOTED_INCLUDE_IN_FRAMEWORK_HEADER = YES;
				CLANG_WARN_RANGE_LOOP_ANALYSIS = YES;
				CLANG_WARN_STRICT_PROTOTYPES = YES;
				CLANG_WARN_SUSPICIOUS_MOVE = YES;
				CLANG_WARN_UNGUARDED_AVAILABILITY = YES_AGGRESSIVE;
				CLANG_WARN_UNREACHABLE_CODE = YES;
				CLANG_WARN__DUPLICATE_METHOD_MATCH = YES;
				COPY_PHASE_STRIP = NO;
				DEBUG_INFORMATION_FORMAT = dwarf;
				ENABLE_STRICT_OBJC_MSGSEND = YES;
				ENABLE_TESTABILITY = YES;
				GCC_C_LANGUAGE_STANDARD = gnu11;
				GCC_DYNAMIC_NO_PIC = NO;
				GCC_NO_COMMON_BLOCKS = YES;
				GCC_OPTIMIZATION_LEVEL = 0;
				GCC_PREPROCESSOR_DEFINITIONS = (
					"DEBUG=1",
					"$(inherited)",
				);
				GCC_WARN_64_TO_32_BIT_CONVERSION = YES;
				GCC_WARN_ABOUT_RETURN_TYPE = YES_ERROR;
				GCC_WARN_UNDECLARED_SELECTOR = YES;
				GCC_WARN_UNINITIALIZED_AUTOS = YES_AGGRESSIVE;
				GCC_WARN_UNUSED_FUNCTION = YES;
				GCC_WARN_UNUSED_VARIABLE = YES;
				IPHONEOS_DEPLOYMENT_TARGET = 16.0;
				MTL_ENABLE_DEBUG_INFO = INCLUDE_SOURCE;
				MTL_FAST_MATH = YES;
				ONLY_ACTIVE_ARCH = YES;
				SDKROOT = iphoneos;
				SWIFT_ACTIVE_COMPILATION_CONDITIONS = DEBUG;
				SWIFT_OPTIMIZATION_LEVEL = "-Onone";
			};
			name = Debug;
		};
		46A44CA52917E299003E751D /* Release */ = {
			isa = XCBuildConfiguration;
			buildSettings = {
				ALWAYS_SEARCH_USER_PATHS = NO;
				CLANG_ANALYZER_NONNULL = YES;
				CLANG_ANALYZER_NUMBER_OBJECT_CONVERSION = YES_AGGRESSIVE;
				CLANG_CXX_LANGUAGE_STANDARD = "gnu++20";
				CLANG_ENABLE_MODULES = YES;
				CLANG_ENABLE_OBJC_ARC = YES;
				CLANG_ENABLE_OBJC_WEAK = YES;
				CLANG_WARN_BLOCK_CAPTURE_AUTORELEASING = YES;
				CLANG_WARN_BOOL_CONVERSION = YES;
				CLANG_WARN_COMMA = YES;
				CLANG_WARN_CONSTANT_CONVERSION = YES;
				CLANG_WARN_DEPRECATED_OBJC_IMPLEMENTATIONS = YES;
				CLANG_WARN_DIRECT_OBJC_ISA_USAGE = YES_ERROR;
				CLANG_WARN_DOCUMENTATION_COMMENTS = YES;
				CLANG_WARN_EMPTY_BODY = YES;
				CLANG_WARN_ENUM_CONVERSION = YES;
				CLANG_WARN_INFINITE_RECURSION = YES;
				CLANG_WARN_INT_CONVERSION = YES;
				CLANG_WARN_NON_LITERAL_NULL_CONVERSION = YES;
				CLANG_WARN_OBJC_IMPLICIT_RETAIN_SELF = YES;
				CLANG_WARN_OBJC_LITERAL_CONVERSION = YES;
				CLANG_WARN_OBJC_ROOT_CLASS = YES_ERROR;
				CLANG_WARN_QUOTED_INCLUDE_IN_FRAMEWORK_HEADER = YES;
				CLANG_WARN_RANGE_LOOP_ANALYSIS = YES;
				CLANG_WARN_STRICT_PROTOTYPES = YES;
				CLANG_WARN_SUSPICIOUS_MOVE = YES;
				CLANG_WARN_UNGUARDED_AVAILABILITY = YES_AGGRESSIVE;
				CLANG_WARN_UNREACHABLE_CODE = YES;
				CLANG_WARN__DUPLICATE_METHOD_MATCH = YES;
				COPY_PHASE_STRIP = NO;
				DEBUG_INFORMATION_FORMAT = "dwarf-with-dsym";
				ENABLE_NS_ASSERTIONS = NO;
				ENABLE_STRICT_OBJC_MSGSEND = YES;
				GCC_C_LANGUAGE_STANDARD = gnu11;
				GCC_NO_COMMON_BLOCKS = YES;
				GCC_WARN_64_TO_32_BIT_CONVERSION = YES;
				GCC_WARN_ABOUT_RETURN_TYPE = YES_ERROR;
				GCC_WARN_UNDECLARED_SELECTOR = YES;
				GCC_WARN_UNINITIALIZED_AUTOS = YES_AGGRESSIVE;
				GCC_WARN_UNUSED_FUNCTION = YES;
				GCC_WARN_UNUSED_VARIABLE = YES;
				IPHONEOS_DEPLOYMENT_TARGET = 16.0;
				MTL_ENABLE_DEBUG_INFO = NO;
				MTL_FAST_MATH = YES;
				SDKROOT = iphoneos;
				SWIFT_COMPILATION_MODE = wholemodule;
				SWIFT_OPTIMIZATION_LEVEL = "-O";
				VALIDATE_PRODUCT = YES;
			};
			name = Release;
		};
		46A44CA72917E299003E751D /* Debug */ = {
			isa = XCBuildConfiguration;
			buildSettings = {
				ASSETCATALOG_COMPILER_APPICON_NAME = AppIcon;
				ASSETCATALOG_COMPILER_GLOBAL_ACCENT_COLOR_NAME = AccentColor;
				CODE_SIGN_STYLE = Automatic;
				CURRENT_PROJECT_VERSION = 1;
				GENERATE_INFOPLIST_FILE = YES;
				INFOPLIST_FILE = NetworkLayerBoilerplatecode/Info.plist;
				INFOPLIST_KEY_UIApplicationSupportsIndirectInputEvents = YES;
				INFOPLIST_KEY_UILaunchStoryboardName = LaunchScreen;
				INFOPLIST_KEY_UIMainStoryboardFile = Main;
				INFOPLIST_KEY_UISupportedInterfaceOrientations_iPad = "UIInterfaceOrientationPortrait UIInterfaceOrientationPortraitUpsideDown UIInterfaceOrientationLandscapeLeft UIInterfaceOrientationLandscapeRight";
				INFOPLIST_KEY_UISupportedInterfaceOrientations_iPhone = "UIInterfaceOrientationPortrait UIInterfaceOrientationLandscapeLeft UIInterfaceOrientationLandscapeRight";
				IPHONEOS_DEPLOYMENT_TARGET = 13.0;
				LD_RUNPATH_SEARCH_PATHS = (
					"$(inherited)",
					"@executable_path/Frameworks",
				);
				MARKETING_VERSION = 1.0;
				PRODUCT_BUNDLE_IDENTIFIER = com.organisation.NetworkLayerBoilerplatecode;
				PRODUCT_NAME = "$(TARGET_NAME)";
				SWIFT_EMIT_LOC_STRINGS = YES;
				SWIFT_VERSION = 5.0;
				TARGETED_DEVICE_FAMILY = "1,2";
			};
			name = Debug;
		};
		46A44CA82917E299003E751D /* Release */ = {
			isa = XCBuildConfiguration;
			buildSettings = {
				ASSETCATALOG_COMPILER_APPICON_NAME = AppIcon;
				ASSETCATALOG_COMPILER_GLOBAL_ACCENT_COLOR_NAME = AccentColor;
				CODE_SIGN_STYLE = Automatic;
				CURRENT_PROJECT_VERSION = 1;
				GENERATE_INFOPLIST_FILE = YES;
				INFOPLIST_FILE = NetworkLayerBoilerplatecode/Info.plist;
				INFOPLIST_KEY_UIApplicationSupportsIndirectInputEvents = YES;
				INFOPLIST_KEY_UILaunchStoryboardName = LaunchScreen;
				INFOPLIST_KEY_UIMainStoryboardFile = Main;
				INFOPLIST_KEY_UISupportedInterfaceOrientations_iPad = "UIInterfaceOrientationPortrait UIInterfaceOrientationPortraitUpsideDown UIInterfaceOrientationLandscapeLeft UIInterfaceOrientationLandscapeRight";
				INFOPLIST_KEY_UISupportedInterfaceOrientations_iPhone = "UIInterfaceOrientationPortrait UIInterfaceOrientationLandscapeLeft UIInterfaceOrientationLandscapeRight";
				IPHONEOS_DEPLOYMENT_TARGET = 13.0;
				LD_RUNPATH_SEARCH_PATHS = (
					"$(inherited)",
					"@executable_path/Frameworks",
				);
				MARKETING_VERSION = 1.0;
				PRODUCT_BUNDLE_IDENTIFIER = com.organisation.NetworkLayerBoilerplatecode;
				PRODUCT_NAME = "$(TARGET_NAME)";
				SWIFT_EMIT_LOC_STRINGS = YES;
				SWIFT_VERSION = 5.0;
				TARGETED_DEVICE_FAMILY = "1,2";
			};
			name = Release;
		};
/* End XCBuildConfiguration section */

/* Begin XCConfigurationList section */
		46A44C8D2917E297003E751D /* Build configuration list for PBXProject "NetworkLayerBoilerplatecode" */ = {
			isa = XCConfigurationList;
			buildConfigurations = (
				46A44CA42917E299003E751D /* Debug */,
				46A44CA52917E299003E751D /* Release */,
			);
			defaultConfigurationIsVisible = 0;
			defaultConfigurationName = Release;
		};
		46A44CA62917E299003E751D /* Build configuration list for PBXNativeTarget "NetworkLayerBoilerplatecode" */ = {
			isa = XCConfigurationList;
			buildConfigurations = (
				46A44CA72917E299003E751D /* Debug */,
				46A44CA82917E299003E751D /* Release */,
			);
			defaultConfigurationIsVisible = 0;
			defaultConfigurationName = Release;
		};
/* End XCConfigurationList section */

/* Begin XCRemoteSwiftPackageReference section */
		46A44CB12917E484003E751D /* XCRemoteSwiftPackageReference "Alamofire" */ = {
			isa = XCRemoteSwiftPackageReference;
			repositoryURL = "https://github.com/Alamofire/Alamofire.git";
			requirement = {
				branch = master;
				kind = branch;
			};
		};
/* End XCRemoteSwiftPackageReference section */

/* Begin XCSwiftPackageProductDependency section */
		46A44CB22917E484003E751D /* Alamofire */ = {
			isa = XCSwiftPackageProductDependency;
			package = 46A44CB12917E484003E751D /* XCRemoteSwiftPackageReference "Alamofire" */;
			productName = Alamofire;
		};
/* End XCSwiftPackageProductDependency section */
	};
	rootObject = 46A44C8A2917E297003E751D /* Project object */;
}
